<?xml version="1.0" encoding="utf-8"?>
<Project ToolsVersion="4.0" xmlns="http://schemas.microsoft.com/developer/msbuild/2003">
  <ItemGroup>
    <Filter Include="Source Files">
      <UniqueIdentifier>{4FC737F1-C7A5-4376-A066-2A32D752A2FF}</UniqueIdentifier>
      <Extensions>cpp;c;cc;cxx;def;odl;idl;hpj;bat;asm;asmx</Extensions>
    </Filter>
    <Filter Include="Resource Files">
      <UniqueIdentifier>{67DA6AB6-F800-4c08-8B7A-83BB121AAD01}</UniqueIdentifier>
      <Extensions>rc;ico;cur;bmp;dlg;rc2;rct;bin;rgs;gif;jpg;jpeg;jpe;resx;tiff;tif;png;wav;mfcribbon-ms</Extensions>
    </Filter>
    <Filter Include="Header">
      <UniqueIdentifier>{93995380-89BD-4b04-88EB-625FBE52EBFB}</UniqueIdentifier>
      <Extensions>h;hh;hpp;hxx;hm;inl;inc;xsd</Extensions>
    </Filter>
  </ItemGroup>
  <ItemGroup>
    <ClInclude Include="..\adiciona_palavra.hpp">
      <Filter>Source Files</Filter>
    </ClInclude>
    <ClInclude Include="..\chuta.hpp">
      <Filter>Source Files</Filter>
    </ClInclude>
    <ClInclude Include="..\imprime_erros.hpp">
      <Filter>Source Files</Filter>
    </ClInclude>
    <ClInclude Include="..\imprime_palavras.hpp">
      <Filter>Source Files</Filter>
    </ClInclude>
    <ClInclude Include="..\le_arquivo.hpp">
      <Filter>Source Files</Filter>
    </ClInclude>
    <ClInclude Include="..\letra_existe.hpp">
      <Filter>Source Files</Filter>
    </ClInclude>
    <ClInclude Include="..\nao_acertou.hpp">
      <Filter>Source Files</Filter>
    </ClInclude>
    <ClInclude Include="..\salva_arquivo.hpp">
      <Filter>Source Files</Filter>
    </ClInclude>
    <ClInclude Include="..\sorteia_palavra.hpp">
      <Filter>Source Files</Filter>
    </ClInclude>
    <ClInclude Include="pch.h">
      <Filter>Header</Filter>
    </ClInclude>
  </ItemGroup>
  <ItemGroup>
    <ClCompile Include="..\adiciona_palavra.cpp">
      <Filter>Source Files</Filter>
    </ClCompile>
    <ClCompile Include="..\chuta.cpp">
      <Filter>Source Files</Filter>
    </ClCompile>
    <ClCompile Include="..\forca.cpp">
      <Filter>Source Files</Filter>
    </ClCompile>
    <ClCompile Include="..\imprime_erros.cpp">
      <Filter>Source Files</Filter>
    </ClCompile>
    <ClCompile Include="..\imprime_palavra.cpp">
      <Filter>Source Files</Filter>
    </ClCompile>
    <ClCompile Include="..\le_arquivo.cpp">
      <Filter>Source Files</Filter>
    </ClCompile>
    <ClCompile Include="..\letra_existe.cpp">
      <Filter>Source Files</Filter>
    </ClCompile>
    <ClCompile Include="..\nao_acertou.cpp">
      <Filter>Source Files</Filter>
    </ClCompile>
    <ClCompile Include="..\salva_arquivo.cpp">
      <Filter>Source Files</Filter>
    </ClCompile>
    <ClCompile Include="..\sorteia_palavra.cpp">
      <Filter>Source Files</Filter>
    </ClCompile>
    <ClCompile Include="pch.cpp">
      <Filter>Source Files</Filter>
    </ClCompile>
    <ClCompile Include="imprime_cabecalho.hpp">
      <Filter>Source Files</Filter>
    </ClCompile>
    <ClCompile Include="imprime_cabecalho.cpp">
      <Filter>Source Files</Filter>
    </ClCompile>
  </ItemGroup>
  <ItemGroup>
    <None Include="PropertySheet.props" />
    <None Include="packages.config" />
    <None Include="..\forca.exe">
      <Filter>Source Files</Filter>
    </None>
  </ItemGroup>
  <ItemGroup>
    <Text Include="readme.txt" />
    <Text Include="..\..\..\Users\guize\OneDrive\Desktop\CppAlura\jogoforca\palavras.txt">
      <Filter>Source Files</Filter>
    </Text>
  </ItemGroup>
</Project>